
Microsoft Visual Studio Solution File, Format Version 12.00
# Visual Studio Version 17
VisualStudioVersion = 17.3.32811.315
MinimumVisualStudioVersion = 10.0.40219.1
Project("{FAE04EC0-301F-11D3-BF4B-00C04F79EFBC}") = "Addressbook", "Addressbook.csproj", "{DDEB8004-7998-4A84-8432-990A6FE9B0F6}"
EndProject
Global
	GlobalSection(SolutionConfigurationPlatforms) = preSolution
		Debug|Any CPU = Debug|Any CPU
		Release|Any CPU = Release|Any CPU
	EndGlobalSection
	GlobalSection(ProjectConfigurationPlatforms) = postSolution
		{DDEB8004-7998-4A84-8432-990A6FE9B0F6}.Debug|Any CPU.ActiveCfg = Debug|Any CPU
		{DDEB8004-7998-4A84-8432-990A6FE9B0F6}.Debug|Any CPU.Build.0 = Debug|Any CPU
		{DDEB8004-7998-4A84-8432-990A6FE9B0F6}.Release|Any CPU.ActiveCfg = Release|Any CPU
		{DDEB8004-7998-4A84-8432-990A6FE9B0F6}.Release|Any CPU.Build.0 = Release|Any CPU
	EndGlobalSection
	GlobalSection(SolutionProperties) = preSolution
		HideSolutionNode = FALSE
	EndGlobalSection
	GlobalSection(ExtensibilityGlobals) = postSolution
		SolutionGuid = {06E1282F-84F9-46F7-A64E-89708E227B55}
	EndGlobalSection
EndGlobal
