
Microsoft Visual Studio Solution File, Format Version 12.00
# Visual Studio Version 17
VisualStudioVersion = 17.3.32811.315
MinimumVisualStudioVersion = 10.0.40219.1
Project("{FAE04EC0-301F-11D3-BF4B-00C04F79EFBC}") = "Addressbook", "Addressbook.csproj", "{B640DE0F-FD54-4D28-B913-92F289C3A577}"
EndProject
Global
	GlobalSection(SolutionConfigurationPlatforms) = preSolution
		Debug|Any CPU = Debug|Any CPU
		Release|Any CPU = Release|Any CPU
	EndGlobalSection
	GlobalSection(ProjectConfigurationPlatforms) = postSolution
		{B640DE0F-FD54-4D28-B913-92F289C3A577}.Debug|Any CPU.ActiveCfg = Debug|Any CPU
		{B640DE0F-FD54-4D28-B913-92F289C3A577}.Debug|Any CPU.Build.0 = Debug|Any CPU
		{B640DE0F-FD54-4D28-B913-92F289C3A577}.Release|Any CPU.ActiveCfg = Release|Any CPU
		{B640DE0F-FD54-4D28-B913-92F289C3A577}.Release|Any CPU.Build.0 = Release|Any CPU
	EndGlobalSection
	GlobalSection(SolutionProperties) = preSolution
		HideSolutionNode = FALSE
	EndGlobalSection
	GlobalSection(ExtensibilityGlobals) = postSolution
		SolutionGuid = {1D73F505-5A6A-41C2-9EE1-62F2C05491DC}
	EndGlobalSection
EndGlobal
