
Microsoft Visual Studio Solution File, Format Version 12.00
# Visual Studio Version 17
VisualStudioVersion = 17.3.32811.315
MinimumVisualStudioVersion = 10.0.40219.1
Project("{FAE04EC0-301F-11D3-BF4B-00C04F79EFBC}") = "AddressBookProgram", "AddressBookProgram.csproj", "{05A8EDCE-56D4-4810-9613-1A2AF80C5184}"
EndProject
Global
	GlobalSection(SolutionConfigurationPlatforms) = preSolution
		Debug|Any CPU = Debug|Any CPU
		Release|Any CPU = Release|Any CPU
	EndGlobalSection
	GlobalSection(ProjectConfigurationPlatforms) = postSolution
		{05A8EDCE-56D4-4810-9613-1A2AF80C5184}.Debug|Any CPU.ActiveCfg = Debug|Any CPU
		{05A8EDCE-56D4-4810-9613-1A2AF80C5184}.Debug|Any CPU.Build.0 = Debug|Any CPU
		{05A8EDCE-56D4-4810-9613-1A2AF80C5184}.Release|Any CPU.ActiveCfg = Release|Any CPU
		{05A8EDCE-56D4-4810-9613-1A2AF80C5184}.Release|Any CPU.Build.0 = Release|Any CPU
	EndGlobalSection
	GlobalSection(SolutionProperties) = preSolution
		HideSolutionNode = FALSE
	EndGlobalSection
	GlobalSection(ExtensibilityGlobals) = postSolution
		SolutionGuid = {BF0E15D6-E85C-4284-BA79-4684E835C5CA}
	EndGlobalSection
EndGlobal
